
Microsoft Visual Studio Solution File, Format Version 12.00
# Visual Studio Version 16
VisualStudioVersion = 16.0.33214.272
MinimumVisualStudioVersion = 10.0.40219.1
Project("{FAE04EC0-301F-11D3-BF4B-00C04F79EFBC}") = "zd6_v2_Menshikov", "zd6_v2_Menshikov.csproj", "{196E5B73-A9CD-4668-97D6-35747076193E}"
EndProject
Global
	GlobalSection(SolutionConfigurationPlatforms) = preSolution
		Debug|Any CPU = Debug|Any CPU
		Release|Any CPU = Release|Any CPU
	EndGlobalSection
	GlobalSection(ProjectConfigurationPlatforms) = postSolution
		{196E5B73-A9CD-4668-97D6-35747076193E}.Debug|Any CPU.ActiveCfg = Debug|Any CPU
		{196E5B73-A9CD-4668-97D6-35747076193E}.Debug|Any CPU.Build.0 = Debug|Any CPU
		{196E5B73-A9CD-4668-97D6-35747076193E}.Release|Any CPU.ActiveCfg = Release|Any CPU
		{196E5B73-A9CD-4668-97D6-35747076193E}.Release|Any CPU.Build.0 = Release|Any CPU
	EndGlobalSection
	GlobalSection(SolutionProperties) = preSolution
		HideSolutionNode = FALSE
	EndGlobalSection
	GlobalSection(ExtensibilityGlobals) = postSolution
		SolutionGuid = {A0D6D162-E865-4AAC-9C1C-0B0B62FF7DDD}
	EndGlobalSection
EndGlobal
